
Microsoft Visual Studio Solution File, Format Version 12.00
# Visual Studio Version 17
VisualStudioVersion = 17.14.36603.0 d17.14
MinimumVisualStudioVersion = 10.0.40219.1
Project("{FAE04EC0-301F-11D3-BF4B-00C04F79EFBC}") = "DocGhiFileCSV", "DocGhiFileCSV\DocGhiFileCSV.csproj", "{686E2AEC-2C78-4C94-9614-0F67B702DCC9}"
EndProject
Global
	GlobalSection(SolutionConfigurationPlatforms) = preSolution
		Debug|Any CPU = Debug|Any CPU
		Release|Any CPU = Release|Any CPU
	EndGlobalSection
	GlobalSection(ProjectConfigurationPlatforms) = postSolution
		{686E2AEC-2C78-4C94-9614-0F67B702DCC9}.Debug|Any CPU.ActiveCfg = Debug|Any CPU
		{686E2AEC-2C78-4C94-9614-0F67B702DCC9}.Debug|Any CPU.Build.0 = Debug|Any CPU
		{686E2AEC-2C78-4C94-9614-0F67B702DCC9}.Release|Any CPU.ActiveCfg = Release|Any CPU
		{686E2AEC-2C78-4C94-9614-0F67B702DCC9}.Release|Any CPU.Build.0 = Release|Any CPU
	EndGlobalSection
	GlobalSection(SolutionProperties) = preSolution
		HideSolutionNode = FALSE
	EndGlobalSection
	GlobalSection(ExtensibilityGlobals) = postSolution
		SolutionGuid = {D4F5B83B-09E7-4254-9962-FA1ECE428CC1}
	EndGlobalSection
EndGlobal
